
Microsoft Visual Studio Solution File, Format Version 12.00
# Visual Studio 15
VisualStudioVersion = 15.0.27428.2005
MinimumVisualStudioVersion = 10.0.40219.1
Project("{F2A71F9B-5D33-465A-A702-920D77279786}") = "Sample", "Sample\Sample.fsproj", "{C641D249-D8C9-4D24-B5EC-90AF39AB1682}"
EndProject
Global
	GlobalSection(SolutionConfigurationPlatforms) = preSolution
		Debug|Any CPU = Debug|Any CPU
		Release|Any CPU = Release|Any CPU
	EndGlobalSection
	GlobalSection(ProjectConfigurationPlatforms) = postSolution
		{C641D249-D8C9-4D24-B5EC-90AF39AB1682}.Debug|Any CPU.ActiveCfg = Debug|Any CPU
		{C641D249-D8C9-4D24-B5EC-90AF39AB1682}.Debug|Any CPU.Build.0 = Debug|Any CPU
		{C641D249-D8C9-4D24-B5EC-90AF39AB1682}.Release|Any CPU.ActiveCfg = Release|Any CPU
		{C641D249-D8C9-4D24-B5EC-90AF39AB1682}.Release|Any CPU.Build.0 = Release|Any CPU
	EndGlobalSection
	GlobalSection(SolutionProperties) = preSolution
		HideSolutionNode = FALSE
	EndGlobalSection
	GlobalSection(ExtensibilityGlobals) = postSolution
		SolutionGuid = {13B3D13C-CB9B-4DCA-9280-D60CA77C8F18}
	EndGlobalSection
EndGlobal
